
Microsoft Visual Studio Solution File, Format Version 12.00
# Visual Studio Version 17
VisualStudioVersion = 17.9.34701.34
MinimumVisualStudioVersion = 10.0.40219.1
Project("{FAE04EC0-301F-11D3-BF4B-00C04F79EFBC}") = "ResourceMarket", "ResourceMarket\ResourceMarket.csproj", "{C6D9FE1E-3CD6-408C-A6AB-A778A6C2DA58}"
EndProject
Global
	GlobalSection(SolutionConfigurationPlatforms) = preSolution
		Debug|Any CPU = Debug|Any CPU
		Release|Any CPU = Release|Any CPU
	EndGlobalSection
	GlobalSection(ProjectConfigurationPlatforms) = postSolution
		{C6D9FE1E-3CD6-408C-A6AB-A778A6C2DA58}.Debug|Any CPU.ActiveCfg = Debug|Any CPU
		{C6D9FE1E-3CD6-408C-A6AB-A778A6C2DA58}.Debug|Any CPU.Build.0 = Debug|Any CPU
		{C6D9FE1E-3CD6-408C-A6AB-A778A6C2DA58}.Release|Any CPU.ActiveCfg = Release|Any CPU
		{C6D9FE1E-3CD6-408C-A6AB-A778A6C2DA58}.Release|Any CPU.Build.0 = Release|Any CPU
	EndGlobalSection
	GlobalSection(SolutionProperties) = preSolution
		HideSolutionNode = FALSE
	EndGlobalSection
	GlobalSection(ExtensibilityGlobals) = postSolution
		SolutionGuid = {A6CDE12E-FCE0-4349-B9F2-93569A7142EC}
	EndGlobalSection
EndGlobal
